{
  "version": 4,
  "terraform_version": "1.13.4",
  "serial": 2,
  "lineage": "7ed1f577-c1eb-59a7-056b-e6d189e3f39e",
  "outputs": {
    "api_key": {
      "value": "foo",
      "type": "string",
      "sensitive": true
    },
    "application_name": {
      "value": "asimablog2",
      "type": "string"
    },
    "environment_name": {
      "value": "test",
      "type": "string"
    },
    "environment_prefix": {
      "value": "asimablog2-test-ua8tjw",
      "type": "string"
    },
    "kind": {
      "value": "P",
      "type": "string"
    },
    "primary_reigon": {
      "value": "uksouth",
      "type": "string"
    },
    "primary_reigon_instance_count": {
      "value": "8",
      "type": "string"
    },
    "suffix": {
      "value": "ua8tjw",
      "type": "string"
    }
  },
  "resources": [
    {
      "mode": "managed",
      "type": "random_string",
      "name": "suffix",
      "provider": "provider[\"registry.terraform.io/hashicorp/random\"]",
      "instances": [
        {
          "schema_version": 2,
          "attributes": {
            "id": "ua8tjw",
            "keepers": null,
            "length": 6,
            "lower": true,
            "min_lower": 0,
            "min_numeric": 0,
            "min_special": 0,
            "min_upper": 0,
            "number": true,
            "numeric": true,
            "override_special": null,
            "result": "ua8tjw",
            "special": false,
            "upper": false
          },
          "sensitive_attributes": [],
          "identity_schema_version": 0
        }
      ]
    }
  ],
  "check_results": [
    {
      "object_kind": "var",
      "config_addr": "var.instance_count",
      "status": "pass",
      "objects": [
        {
          "object_addr": "var.instance_count",
          "status": "pass"
        }
      ]
    },
    {
      "object_kind": "var",
      "config_addr": "var.application_name",
      "status": "pass",
      "objects": [
        {
          "object_addr": "var.application_name",
          "status": "pass"
        }
      ]
    }
  ]
}
