{
  "version": 4,
  "terraform_version": "1.13.4",
  "serial": 57,
  "lineage": "dd66ac1e-d59d-a76c-0a6c-e0db22fb96b5",
  "outputs": {
    "api_key": {
      "value": "foo",
      "type": "string",
      "sensitive": true
    },
    "application_name": {
      "value": "asimablog2",
      "type": "string"
    },
    "environment_name": {
      "value": "dev",
      "type": "string"
    },
    "environment_prefix": {
      "value": "asimablog2-dev-ki4ixe",
      "type": "string"
    },
    "kind": {
      "value": "P",
      "type": "string"
    },
    "primary_reigon": {
      "value": "uksouth",
      "type": "string"
    },
    "primary_reigon_instance_count": {
      "value": "8",
      "type": "string"
    },
    "reigonA": {
      "value": "ukwest",
      "type": "string"
    },
    "reigonB": {
      "value": "uksouth",
      "type": "string"
    },
    "suffix": {
      "value": "ki4ixe",
      "type": "string"
    }
  },
  "resources": [
    {
      "mode": "managed",
      "type": "random_string",
      "name": "suffix",
      "provider": "provider[\"registry.terraform.io/hashicorp/random\"]",
      "instances": [
        {
          "schema_version": 2,
          "attributes": {
            "id": "ki4ixe",
            "keepers": null,
            "length": 6,
            "lower": true,
            "min_lower": 0,
            "min_numeric": 0,
            "min_special": 0,
            "min_upper": 0,
            "number": true,
            "numeric": true,
            "override_special": null,
            "result": "ki4ixe",
            "special": false,
            "upper": false
          },
          "sensitive_attributes": [],
          "identity_schema_version": 0
        }
      ]
    },
    {
      "module": "module.regional_stamps[\"learn_terraform_regionA\"]",
      "mode": "managed",
      "type": "random_string",
      "name": "virtual_machines",
      "provider": "provider[\"registry.terraform.io/hashicorp/random\"]",
      "instances": [
        {
          "schema_version": 2,
          "attributes": {
            "id": "r3afy3i91f",
            "keepers": null,
            "length": 10,
            "lower": true,
            "min_lower": 0,
            "min_numeric": 0,
            "min_special": 0,
            "min_upper": 0,
            "number": true,
            "numeric": true,
            "override_special": null,
            "result": "r3afy3i91f",
            "special": false,
            "upper": false
          },
          "sensitive_attributes": [],
          "identity_schema_version": 0
        }
      ]
    },
    {
      "module": "module.regional_stamps[\"learn_terraform_regionB\"]",
      "mode": "managed",
      "type": "random_string",
      "name": "virtual_machines",
      "provider": "provider[\"registry.terraform.io/hashicorp/random\"]",
      "instances": [
        {
          "schema_version": 2,
          "attributes": {
            "id": "8npv53hvln",
            "keepers": null,
            "length": 10,
            "lower": true,
            "min_lower": 0,
            "min_numeric": 0,
            "min_special": 0,
            "min_upper": 0,
            "number": true,
            "numeric": true,
            "override_special": null,
            "result": "8npv53hvln",
            "special": false,
            "upper": false
          },
          "sensitive_attributes": [],
          "identity_schema_version": 0
        }
      ]
    }
  ],
  "check_results": [
    {
      "object_kind": "var",
      "config_addr": "var.application_name",
      "status": "pass",
      "objects": [
        {
          "object_addr": "var.application_name",
          "status": "pass"
        }
      ]
    },
    {
      "object_kind": "var",
      "config_addr": "var.instance_count",
      "status": "pass",
      "objects": [
        {
          "object_addr": "var.instance_count",
          "status": "pass"
        }
      ]
    }
  ]
}
